// !$*UTF8*$!
{
	archiveVersion = 1;
	classes = {
	};
	objectVersion = 46;
	objects = {

/* Begin PBXBuildFile section */
		1298B4E81DBB9F58003BD37A /* GoogleService-Info.plist in Resources */ = {isa = PBXBuildFile; fileRef = 1298B4E71DBB9F58003BD37A /* GoogleService-Info.plist */; };
		975CC3CF1D9F6980009A76C4 /* main.m in Sources */ = {isa = PBXBuildFile; fileRef = 975CC3CE1D9F6980009A76C4 /* main.m */; };
		975CC3D21D9F6980009A76C4 /* AppDelegate.m in Sources */ = {isa = PBXBuildFile; fileRef = 975CC3D11D9F6980009A76C4 /* AppDelegate.m */; };
		975CC3D51D9F6980009A76C4 /* ViewController.m in Sources */ = {isa = PBXBuildFile; fileRef = 975CC3D41D9F6980009A76C4 /* ViewController.m */; };
		975CC3D81D9F6980009A76C4 /* Main.storyboard in Resources */ = {isa = PBXBuildFile; fileRef = 975CC3D61D9F6980009A76C4 /* Main.storyboard */; };
		975CC3DD1D9F6980009A76C4 /* Assets.xcassets in Resources */ = {isa = PBXBuildFile; fileRef = 975CC3DC1D9F6980009A76C4 /* Assets.xcassets */; };
		975CC3E01D9F6980009A76C4 /* LaunchScreen.storyboard in Resources */ = {isa = PBXBuildFile; fileRef = 975CC3DE1D9F6980009A76C4 /* LaunchScreen.storyboard */; };
		975CC4051D9F700F009A76C4 /* MainViewController.m in Sources */ = {isa = PBXBuildFile; fileRef = 975CC4041D9F700F009A76C4 /* MainViewController.m */; };
		975CC4081D9F7400009A76C4 /* Help.m in Sources */ = {isa = PBXBuildFile; fileRef = 975CC4071D9F7400009A76C4 /* Help.m */; };
		B9D4BB1652392F000DCA55C4 /* libPods-MangaK.a in Frameworks */ = {isa = PBXBuildFile; fileRef = BFCDC4745E4E2E8B4DCCE61A /* libPods-MangaK.a */; };
/* End PBXBuildFile section */

/* Begin PBXContainerItemProxy section */
		975CC3E71D9F6980009A76C4 /* PBXContainerItemProxy */ = {
			isa = PBXContainerItemProxy;
			containerPortal = 975CC3C21D9F6980009A76C4 /* Project object */;
			proxyType = 1;
			remoteGlobalIDString = 975CC3C91D9F6980009A76C4;
			remoteInfo = KnowYourDoctor;
		};
		975CC3F21D9F6980009A76C4 /* PBXContainerItemProxy */ = {
			isa = PBXContainerItemProxy;
			containerPortal = 975CC3C21D9F6980009A76C4 /* Project object */;
			proxyType = 1;
			remoteGlobalIDString = 975CC3C91D9F6980009A76C4;
			remoteInfo = KnowYourDoctor;
		};
/* End PBXContainerItemProxy section */

/* Begin PBXFileReference section */
		1298B4E71DBB9F58003BD37A /* GoogleService-Info.plist */ = {isa = PBXFileReference; fileEncoding = 4; lastKnownFileType = text.plist.xml; path = "GoogleService-Info.plist"; sourceTree = "<group>"; };
		975CC3CA1D9F6980009A76C4 /* MangaK.app */ = {isa = PBXFileReference; explicitFileType = wrapper.application; includeInIndex = 0; path = MangaK.app; sourceTree = BUILT_PRODUCTS_DIR; };
		975CC3CE1D9F6980009A76C4 /* main.m */ = {isa = PBXFileReference; lastKnownFileType = sourcecode.c.objc; path = main.m; sourceTree = "<group>"; };
		975CC3D01D9F6980009A76C4 /* AppDelegate.h */ = {isa = PBXFileReference; lastKnownFileType = sourcecode.c.h; path = AppDelegate.h; sourceTree = "<group>"; };
		975CC3D11D9F6980009A76C4 /* AppDelegate.m */ = {isa = PBXFileReference; lastKnownFileType = sourcecode.c.objc; path = AppDelegate.m; sourceTree = "<group>"; };
		975CC3D31D9F6980009A76C4 /* ViewController.h */ = {isa = PBXFileReference; lastKnownFileType = sourcecode.c.h; path = ViewController.h; sourceTree = "<group>"; };
		975CC3D41D9F6980009A76C4 /* ViewController.m */ = {isa = PBXFileReference; lastKnownFileType = sourcecode.c.objc; path = ViewController.m; sourceTree = "<group>"; };
		975CC3D71D9F6980009A76C4 /* Base */ = {isa = PBXFileReference; lastKnownFileType = file.storyboard; name = Base; path = Base.lproj/Main.storyboard; sourceTree = "<group>"; };
		975CC3DC1D9F6980009A76C4 /* Assets.xcassets */ = {isa = PBXFileReference; lastKnownFileType = folder.assetcatalog; path = Assets.xcassets; sourceTree = "<group>"; };
		975CC3DF1D9F6980009A76C4 /* Base */ = {isa = PBXFileReference; lastKnownFileType = file.storyboard; name = Base; path = Base.lproj/LaunchScreen.storyboard; sourceTree = "<group>"; };
		975CC3E11D9F6980009A76C4 /* Info.plist */ = {isa = PBXFileReference; lastKnownFileType = text.plist.xml; path = Info.plist; sourceTree = "<group>"; };
		975CC3E61D9F6980009A76C4 /* MangaKTests.xctest */ = {isa = PBXFileReference; explicitFileType = wrapper.cfbundle; includeInIndex = 0; path = MangaKTests.xctest; sourceTree = BUILT_PRODUCTS_DIR; };
		975CC3F11D9F6980009A76C4 /* MangaKUITests.xctest */ = {isa = PBXFileReference; explicitFileType = wrapper.cfbundle; includeInIndex = 0; path = MangaKUITests.xctest; sourceTree = BUILT_PRODUCTS_DIR; };
		975CC4031D9F700F009A76C4 /* MainViewController.h */ = {isa = PBXFileReference; fileEncoding = 4; lastKnownFileType = sourcecode.c.h; path = MainViewController.h; sourceTree = "<group>"; };
		975CC4041D9F700F009A76C4 /* MainViewController.m */ = {isa = PBXFileReference; fileEncoding = 4; lastKnownFileType = sourcecode.c.objc; path = MainViewController.m; sourceTree = "<group>"; };
		975CC4061D9F7400009A76C4 /* Help.h */ = {isa = PBXFileReference; fileEncoding = 4; lastKnownFileType = sourcecode.c.h; path = Help.h; sourceTree = "<group>"; };
		975CC4071D9F7400009A76C4 /* Help.m */ = {isa = PBXFileReference; fileEncoding = 4; lastKnownFileType = sourcecode.c.objc; path = Help.m; sourceTree = "<group>"; };
		A5E468A83F2E75504F6A0468 /* Pods-MangaK.debug.xcconfig */ = {isa = PBXFileReference; includeInIndex = 1; lastKnownFileType = text.xcconfig; name = "Pods-MangaK.debug.xcconfig"; path = "Pods/Target Support Files/Pods-MangaK/Pods-MangaK.debug.xcconfig"; sourceTree = "<group>"; };
		B3B80A223908B845366DBA62 /* Pods-MangaK.release.xcconfig */ = {isa = PBXFileReference; includeInIndex = 1; lastKnownFileType = text.xcconfig; name = "Pods-MangaK.release.xcconfig"; path = "Pods/Target Support Files/Pods-MangaK/Pods-MangaK.release.xcconfig"; sourceTree = "<group>"; };
		BFCDC4745E4E2E8B4DCCE61A /* libPods-MangaK.a */ = {isa = PBXFileReference; explicitFileType = archive.ar; includeInIndex = 0; path = "libPods-MangaK.a"; sourceTree = BUILT_PRODUCTS_DIR; };
/* End PBXFileReference section */

/* Begin PBXFrameworksBuildPhase section */
		975CC3C71D9F6980009A76C4 /* Frameworks */ = {
			isa = PBXFrameworksBuildPhase;
			buildActionMask = 2147483647;
			files = (
				B9D4BB1652392F000DCA55C4 /* libPods-MangaK.a in Frameworks */,
			);
			runOnlyForDeploymentPostprocessing = 0;
		};
		975CC3E31D9F6980009A76C4 /* Frameworks */ = {
			isa = PBXFrameworksBuildPhase;
			buildActionMask = 2147483647;
			files = (
			);
			runOnlyForDeploymentPostprocessing = 0;
		};
		975CC3EE1D9F6980009A76C4 /* Frameworks */ = {
			isa = PBXFrameworksBuildPhase;
			buildActionMask = 2147483647;
			files = (
			);
			runOnlyForDeploymentPostprocessing = 0;
		};
/* End PBXFrameworksBuildPhase section */

/* Begin PBXGroup section */
		2A1353D9AA34196EAADA9E8B /* Pods */ = {
			isa = PBXGroup;
			children = (
				A5E468A83F2E75504F6A0468 /* Pods-MangaK.debug.xcconfig */,
				B3B80A223908B845366DBA62 /* Pods-MangaK.release.xcconfig */,
			);
			name = Pods;
			sourceTree = "<group>";
		};
		2D258EF07D9F92DC4B0E0E07 /* Frameworks */ = {
			isa = PBXGroup;
			children = (
				BFCDC4745E4E2E8B4DCCE61A /* libPods-MangaK.a */,
			);
			name = Frameworks;
			sourceTree = "<group>";
		};
		975CC3C11D9F6980009A76C4 = {
			isa = PBXGroup;
			children = (
				1298B4E71DBB9F58003BD37A /* GoogleService-Info.plist */,
				975CC3CC1D9F6980009A76C4 /* MangaK */,
				975CC3CB1D9F6980009A76C4 /* Products */,
				2A1353D9AA34196EAADA9E8B /* Pods */,
				2D258EF07D9F92DC4B0E0E07 /* Frameworks */,
			);
			sourceTree = "<group>";
		};
		975CC3CB1D9F6980009A76C4 /* Products */ = {
			isa = PBXGroup;
			children = (
				975CC3CA1D9F6980009A76C4 /* MangaK.app */,
				975CC3E61D9F6980009A76C4 /* MangaKTests.xctest */,
				975CC3F11D9F6980009A76C4 /* MangaKUITests.xctest */,
			);
			name = Products;
			sourceTree = "<group>";
		};
		975CC3CC1D9F6980009A76C4 /* MangaK */ = {
			isa = PBXGroup;
			children = (
				975CC3D01D9F6980009A76C4 /* AppDelegate.h */,
				975CC3D11D9F6980009A76C4 /* AppDelegate.m */,
				975CC3D31D9F6980009A76C4 /* ViewController.h */,
				975CC3D41D9F6980009A76C4 /* ViewController.m */,
				975CC4031D9F700F009A76C4 /* MainViewController.h */,
				975CC4041D9F700F009A76C4 /* MainViewController.m */,
				975CC4061D9F7400009A76C4 /* Help.h */,
				975CC4071D9F7400009A76C4 /* Help.m */,
				975CC3D61D9F6980009A76C4 /* Main.storyboard */,
				975CC3DC1D9F6980009A76C4 /* Assets.xcassets */,
				975CC3DE1D9F6980009A76C4 /* LaunchScreen.storyboard */,
				975CC3E11D9F6980009A76C4 /* Info.plist */,
				975CC3CD1D9F6980009A76C4 /* Supporting Files */,
			);
			name = MangaK;
			path = KnowYourDoctor;
			sourceTree = "<group>";
		};
		975CC3CD1D9F6980009A76C4 /* Supporting Files */ = {
			isa = PBXGroup;
			children = (
				975CC3CE1D9F6980009A76C4 /* main.m */,
			);
			name = "Supporting Files";
			sourceTree = "<group>";
		};
/* End PBXGroup section */

/* Begin PBXNativeTarget section */
		975CC3C91D9F6980009A76C4 /* MangaK */ = {
			isa = PBXNativeTarget;
			buildConfigurationList = 975CC3FA1D9F6980009A76C4 /* Build configuration list for PBXNativeTarget "MangaK" */;
			buildPhases = (
				3AAB0D57279AEF261FD09D4B /* [CP] Check Pods Manifest.lock */,
				975CC3C61D9F6980009A76C4 /* Sources */,
				975CC3C71D9F6980009A76C4 /* Frameworks */,
				975CC3C81D9F6980009A76C4 /* Resources */,
				68F7FC3C2279D849AE9F2BAE /* [CP] Embed Pods Frameworks */,
				95D5F7501054748475544049 /* [CP] Copy Pods Resources */,
			);
			buildRules = (
			);
			dependencies = (
			);
			name = MangaK;
			productName = KnowYourDoctor;
			productReference = 975CC3CA1D9F6980009A76C4 /* MangaK.app */;
			productType = "com.apple.product-type.application";
		};
		975CC3E51D9F6980009A76C4 /* MangaKTests */ = {
			isa = PBXNativeTarget;
			buildConfigurationList = 975CC3FD1D9F6980009A76C4 /* Build configuration list for PBXNativeTarget "MangaKTests" */;
			buildPhases = (
				975CC3E21D9F6980009A76C4 /* Sources */,
				975CC3E31D9F6980009A76C4 /* Frameworks */,
				975CC3E41D9F6980009A76C4 /* Resources */,
			);
			buildRules = (
			);
			dependencies = (
				975CC3E81D9F6980009A76C4 /* PBXTargetDependency */,
			);
			name = MangaKTests;
			productName = KnowYourDoctorTests;
			productReference = 975CC3E61D9F6980009A76C4 /* MangaKTests.xctest */;
			productType = "com.apple.product-type.bundle.unit-test";
		};
		975CC3F01D9F6980009A76C4 /* MangaKUITests */ = {
			isa = PBXNativeTarget;
			buildConfigurationList = 975CC4001D9F6980009A76C4 /* Build configuration list for PBXNativeTarget "MangaKUITests" */;
			buildPhases = (
				975CC3ED1D9F6980009A76C4 /* Sources */,
				975CC3EE1D9F6980009A76C4 /* Frameworks */,
				975CC3EF1D9F6980009A76C4 /* Resources */,
			);
			buildRules = (
			);
			dependencies = (
				975CC3F31D9F6980009A76C4 /* PBXTargetDependency */,
			);
			name = MangaKUITests;
			productName = KnowYourDoctorUITests;
			productReference = 975CC3F11D9F6980009A76C4 /* MangaKUITests.xctest */;
			productType = "com.apple.product-type.bundle.ui-testing";
		};
/* End PBXNativeTarget section */

/* Begin PBXProject section */
		975CC3C21D9F6980009A76C4 /* Project object */ = {
			isa = PBXProject;
			attributes = {
				LastUpgradeCheck = 0800;
				ORGANIZATIONNAME = MACCyprus;
				TargetAttributes = {
					975CC3C91D9F6980009A76C4 = {
						CreatedOnToolsVersion = 7.3.1;
						DevelopmentTeam = JQNK74493B;
					};
					975CC3E51D9F6980009A76C4 = {
						CreatedOnToolsVersion = 7.3.1;
						TestTargetID = 975CC3C91D9F6980009A76C4;
					};
					975CC3F01D9F6980009A76C4 = {
						CreatedOnToolsVersion = 7.3.1;
						TestTargetID = 975CC3C91D9F6980009A76C4;
					};
				};
			};
			buildConfigurationList = 975CC3C51D9F6980009A76C4 /* Build configuration list for PBXProject "MangaK" */;
			compatibilityVersion = "Xcode 3.2";
			developmentRegion = English;
			hasScannedForEncodings = 0;
			knownRegions = (
				en,
				Base,
			);
			mainGroup = 975CC3C11D9F6980009A76C4;
			productRefGroup = 975CC3CB1D9F6980009A76C4 /* Products */;
			projectDirPath = "";
			projectRoot = "";
			targets = (
				975CC3C91D9F6980009A76C4 /* MangaK */,
				975CC3E51D9F6980009A76C4 /* MangaKTests */,
				975CC3F01D9F6980009A76C4 /* MangaKUITests */,
			);
		};
/* End PBXProject section */

/* Begin PBXResourcesBuildPhase section */
		975CC3C81D9F6980009A76C4 /* Resources */ = {
			isa = PBXResourcesBuildPhase;
			buildActionMask = 2147483647;
			files = (
				975CC3E01D9F6980009A76C4 /* LaunchScreen.storyboard in Resources */,
				1298B4E81DBB9F58003BD37A /* GoogleService-Info.plist in Resources */,
				975CC3DD1D9F6980009A76C4 /* Assets.xcassets in Resources */,
				975CC3D81D9F6980009A76C4 /* Main.storyboard in Resources */,
			);
			runOnlyForDeploymentPostprocessing = 0;
		};
		975CC3E41D9F6980009A76C4 /* Resources */ = {
			isa = PBXResourcesBuildPhase;
			buildActionMask = 2147483647;
			files = (
			);
			runOnlyForDeploymentPostprocessing = 0;
		};
		975CC3EF1D9F6980009A76C4 /* Resources */ = {
			isa = PBXResourcesBuildPhase;
			buildActionMask = 2147483647;
			files = (
			);
			runOnlyForDeploymentPostprocessing = 0;
		};
/* End PBXResourcesBuildPhase section */

/* Begin PBXShellScriptBuildPhase section */
		3AAB0D57279AEF261FD09D4B /* [CP] Check Pods Manifest.lock */ = {
			isa = PBXShellScriptBuildPhase;
			buildActionMask = 2147483647;
			files = (
			);
			inputPaths = (
			);
			name = "[CP] Check Pods Manifest.lock";
			outputPaths = (
			);
			runOnlyForDeploymentPostprocessing = 0;
			shellPath = /bin/sh;
			shellScript = "diff \"${PODS_ROOT}/../Podfile.lock\" \"${PODS_ROOT}/Manifest.lock\" > /dev/null\nif [[ $? != 0 ]] ; then\n    cat << EOM\nerror: The sandbox is not in sync with the Podfile.lock. Run 'pod install' or update your CocoaPods installation.\nEOM\n    exit 1\nfi\n";
			showEnvVarsInLog = 0;
		};
		68F7FC3C2279D849AE9F2BAE /* [CP] Embed Pods Frameworks */ = {
			isa = PBXShellScriptBuildPhase;
			buildActionMask = 2147483647;
			files = (
			);
			inputPaths = (
			);
			name = "[CP] Embed Pods Frameworks";
			outputPaths = (
			);
			runOnlyForDeploymentPostprocessing = 0;
			shellPath = /bin/sh;
			shellScript = "\"${SRCROOT}/Pods/Target Support Files/Pods-MangaK/Pods-MangaK-frameworks.sh\"\n";
			showEnvVarsInLog = 0;
		};
		95D5F7501054748475544049 /* [CP] Copy Pods Resources */ = {
			isa = PBXShellScriptBuildPhase;
			buildActionMask = 2147483647;
			files = (
			);
			inputPaths = (
			);
			name = "[CP] Copy Pods Resources";
			outputPaths = (
			);
			runOnlyForDeploymentPostprocessing = 0;
			shellPath = /bin/sh;
			shellScript = "\"${SRCROOT}/Pods/Target Support Files/Pods-MangaK/Pods-MangaK-resources.sh\"\n";
			showEnvVarsInLog = 0;
		};
/* End PBXShellScriptBuildPhase section */

/* Begin PBXSourcesBuildPhase section */
		975CC3C61D9F6980009A76C4 /* Sources */ = {
			isa = PBXSourcesBuildPhase;
			buildActionMask = 2147483647;
			files = (
				975CC4081D9F7400009A76C4 /* Help.m in Sources */,
				975CC3D51D9F6980009A76C4 /* ViewController.m in Sources */,
				975CC3D21D9F6980009A76C4 /* AppDelegate.m in Sources */,
				975CC4051D9F700F009A76C4 /* MainViewController.m in Sources */,
				975CC3CF1D9F6980009A76C4 /* main.m in Sources */,
			);
			runOnlyForDeploymentPostprocessing = 0;
		};
		975CC3E21D9F6980009A76C4 /* Sources */ = {
			isa = PBXSourcesBuildPhase;
			buildActionMask = 2147483647;
			files = (
			);
			runOnlyForDeploymentPostprocessing = 0;
		};
		975CC3ED1D9F6980009A76C4 /* Sources */ = {
			isa = PBXSourcesBuildPhase;
			buildActionMask = 2147483647;
			files = (
			);
			runOnlyForDeploymentPostprocessing = 0;
		};
/* End PBXSourcesBuildPhase section */

/* Begin PBXTargetDependency section */
		975CC3E81D9F6980009A76C4 /* PBXTargetDependency */ = {
			isa = PBXTargetDependency;
			target = 975CC3C91D9F6980009A76C4 /* MangaK */;
			targetProxy = 975CC3E71D9F6980009A76C4 /* PBXContainerItemProxy */;
		};
		975CC3F31D9F6980009A76C4 /* PBXTargetDependency */ = {
			isa = PBXTargetDependency;
			target = 975CC3C91D9F6980009A76C4 /* MangaK */;
			targetProxy = 975CC3F21D9F6980009A76C4 /* PBXContainerItemProxy */;
		};
/* End PBXTargetDependency section */

/* Begin PBXVariantGroup section */
		975CC3D61D9F6980009A76C4 /* Main.storyboard */ = {
			isa = PBXVariantGroup;
			children = (
				975CC3D71D9F6980009A76C4 /* Base */,
			);
			name = Main.storyboard;
			sourceTree = "<group>";
		};
		975CC3DE1D9F6980009A76C4 /* LaunchScreen.storyboard */ = {
			isa = PBXVariantGroup;
			children = (
				975CC3DF1D9F6980009A76C4 /* Base */,
			);
			name = LaunchScreen.storyboard;
			sourceTree = "<group>";
		};
/* End PBXVariantGroup section */

/* Begin XCBuildConfiguration section */
		975CC3F81D9F6980009A76C4 /* Debug */ = {
			isa = XCBuildConfiguration;
			buildSettings = {
				ALWAYS_SEARCH_USER_PATHS = NO;
				CLANG_ANALYZER_NONNULL = YES;
				CLANG_CXX_LANGUAGE_STANDARD = "gnu++0x";
				CLANG_CXX_LIBRARY = "libc++";
				CLANG_ENABLE_MODULES = YES;
				CLANG_ENABLE_OBJC_ARC = YES;
				CLANG_WARN_BOOL_CONVERSION = YES;
				CLANG_WARN_CONSTANT_CONVERSION = YES;
				CLANG_WARN_DIRECT_OBJC_ISA_USAGE = YES_ERROR;
				CLANG_WARN_EMPTY_BODY = YES;
				CLANG_WARN_ENUM_CONVERSION = YES;
				CLANG_WARN_INFINITE_RECURSION = YES;
				CLANG_WARN_INT_CONVERSION = YES;
				CLANG_WARN_OBJC_ROOT_CLASS = YES_ERROR;
				CLANG_WARN_SUSPICIOUS_MOVE = YES;
				CLANG_WARN_UNREACHABLE_CODE = YES;
				CLANG_WARN__DUPLICATE_METHOD_MATCH = YES;
				"CODE_SIGN_IDENTITY[sdk=iphoneos*]" = "iPhone Developer";
				COPY_PHASE_STRIP = NO;
				DEBUG_INFORMATION_FORMAT = dwarf;
				ENABLE_STRICT_OBJC_MSGSEND = YES;
				ENABLE_TESTABILITY = YES;
				GCC_C_LANGUAGE_STANDARD = gnu99;
				GCC_DYNAMIC_NO_PIC = NO;
				GCC_NO_COMMON_BLOCKS = YES;
				GCC_OPTIMIZATION_LEVEL = 0;
				GCC_PREPROCESSOR_DEFINITIONS = (
					"DEBUG=1",
					"$(inherited)",
				);
				GCC_WARN_64_TO_32_BIT_CONVERSION = YES;
				GCC_WARN_ABOUT_RETURN_TYPE = YES_ERROR;
				GCC_WARN_UNDECLARED_SELECTOR = YES;
				GCC_WARN_UNINITIALIZED_AUTOS = YES_AGGRESSIVE;
				GCC_WARN_UNUSED_FUNCTION = YES;
				GCC_WARN_UNUSED_VARIABLE = YES;
				IPHONEOS_DEPLOYMENT_TARGET = 9.3;
				MTL_ENABLE_DEBUG_INFO = YES;
				ONLY_ACTIVE_ARCH = YES;
				SDKROOT = iphoneos;
				TARGETED_DEVICE_FAMILY = "1,2";
			};
			name = Debug;
		};
		975CC3F91D9F6980009A76C4 /* Release */ = {
			isa = XCBuildConfiguration;
			buildSettings = {
				ALWAYS_SEARCH_USER_PATHS = NO;
				CLANG_ANALYZER_NONNULL = YES;
				CLANG_CXX_LANGUAGE_STANDARD = "gnu++0x";
				CLANG_CXX_LIBRARY = "libc++";
				CLANG_ENABLE_MODULES = YES;
				CLANG_ENABLE_OBJC_ARC = YES;
				CLANG_WARN_BOOL_CONVERSION = YES;
				CLANG_WARN_CONSTANT_CONVERSION = YES;
				CLANG_WARN_DIRECT_OBJC_ISA_USAGE = YES_ERROR;
				CLANG_WARN_EMPTY_BODY = YES;
				CLANG_WARN_ENUM_CONVERSION = YES;
				CLANG_WARN_INFINITE_RECURSION = YES;
				CLANG_WARN_INT_CONVERSION = YES;
				CLANG_WARN_OBJC_ROOT_CLASS = YES_ERROR;
				CLANG_WARN_SUSPICIOUS_MOVE = YES;
				CLANG_WARN_UNREACHABLE_CODE = YES;
				CLANG_WARN__DUPLICATE_METHOD_MATCH = YES;
				"CODE_SIGN_IDENTITY[sdk=iphoneos*]" = "iPhone Developer";
				COPY_PHASE_STRIP = NO;
				DEBUG_INFORMATION_FORMAT = "dwarf-with-dsym";
				ENABLE_NS_ASSERTIONS = NO;
				ENABLE_STRICT_OBJC_MSGSEND = YES;
				GCC_C_LANGUAGE_STANDARD = gnu99;
				GCC_NO_COMMON_BLOCKS = YES;
				GCC_WARN_64_TO_32_BIT_CONVERSION = YES;
				GCC_WARN_ABOUT_RETURN_TYPE = YES_ERROR;
				GCC_WARN_UNDECLARED_SELECTOR = YES;
				GCC_WARN_UNINITIALIZED_AUTOS = YES_AGGRESSIVE;
				GCC_WARN_UNUSED_FUNCTION = YES;
				GCC_WARN_UNUSED_VARIABLE = YES;
				IPHONEOS_DEPLOYMENT_TARGET = 9.3;
				MTL_ENABLE_DEBUG_INFO = NO;
				SDKROOT = iphoneos;
				TARGETED_DEVICE_FAMILY = "1,2";
				VALIDATE_PRODUCT = YES;
			};
			name = Release;
		};
		975CC3FB1D9F6980009A76C4 /* Debug */ = {
			isa = XCBuildConfiguration;
			baseConfigurationReference = A5E468A83F2E75504F6A0468 /* Pods-MangaK.debug.xcconfig */;
			buildSettings = {
				ASSETCATALOG_COMPILER_APPICON_NAME = AppIcon;
				CODE_SIGN_IDENTITY = "iPhone Developer";
				DEVELOPMENT_TEAM = JQNK74493B;
				INFOPLIST_FILE = KnowYourDoctor/Info.plist;
				LD_RUNPATH_SEARCH_PATHS = "$(inherited) @executable_path/Frameworks";
				PRODUCT_BUNDLE_IDENTIFIER = com.twokingstudio.muvik.100;
				PRODUCT_NAME = "$(TARGET_NAME)";
			};
			name = Debug;
		};
		975CC3FC1D9F6980009A76C4 /* Release */ = {
			isa = XCBuildConfiguration;
			baseConfigurationReference = B3B80A223908B845366DBA62 /* Pods-MangaK.release.xcconfig */;
			buildSettings = {
				ASSETCATALOG_COMPILER_APPICON_NAME = AppIcon;
				CODE_SIGN_IDENTITY = "iPhone Developer";
				DEVELOPMENT_TEAM = JQNK74493B;
				INFOPLIST_FILE = KnowYourDoctor/Info.plist;
				LD_RUNPATH_SEARCH_PATHS = "$(inherited) @executable_path/Frameworks";
				PRODUCT_BUNDLE_IDENTIFIER = com.twokingstudio.muvik.100;
				PRODUCT_NAME = "$(TARGET_NAME)";
			};
			name = Release;
		};
		975CC3FE1D9F6980009A76C4 /* Debug */ = {
			isa = XCBuildConfiguration;
			buildSettings = {
				BUNDLE_LOADER = "$(TEST_HOST)";
				INFOPLIST_FILE = KnowYourDoctorTests/Info.plist;
				LD_RUNPATH_SEARCH_PATHS = "$(inherited) @executable_path/Frameworks @loader_path/Frameworks";
				PRODUCT_BUNDLE_IDENTIFIER = CyprusCompanyy.KnowYourDoctorTests;
				PRODUCT_NAME = "$(TARGET_NAME)";
				TEST_HOST = "$(BUILT_PRODUCTS_DIR)/MangaK.app/MangaK";
			};
			name = Debug;
		};
		975CC3FF1D9F6980009A76C4 /* Release */ = {
			isa = XCBuildConfiguration;
			buildSettings = {
				BUNDLE_LOADER = "$(TEST_HOST)";
				INFOPLIST_FILE = KnowYourDoctorTests/Info.plist;
				LD_RUNPATH_SEARCH_PATHS = "$(inherited) @executable_path/Frameworks @loader_path/Frameworks";
				PRODUCT_BUNDLE_IDENTIFIER = CyprusCompanyy.KnowYourDoctorTests;
				PRODUCT_NAME = "$(TARGET_NAME)";
				TEST_HOST = "$(BUILT_PRODUCTS_DIR)/MangaK.app/MangaK";
			};
			name = Release;
		};
		975CC4011D9F6980009A76C4 /* Debug */ = {
			isa = XCBuildConfiguration;
			buildSettings = {
				INFOPLIST_FILE = KnowYourDoctorUITests/Info.plist;
				LD_RUNPATH_SEARCH_PATHS = "$(inherited) @executable_path/Frameworks @loader_path/Frameworks";
				PRODUCT_BUNDLE_IDENTIFIER = CyprusCompanyy.KnowYourDoctorUITests;
				PRODUCT_NAME = "$(TARGET_NAME)";
				TEST_TARGET_NAME = KnowYourDoctor;
			};
			name = Debug;
		};
		975CC4021D9F6980009A76C4 /* Release */ = {
			isa = XCBuildConfiguration;
			buildSettings = {
				INFOPLIST_FILE = KnowYourDoctorUITests/Info.plist;
				LD_RUNPATH_SEARCH_PATHS = "$(inherited) @executable_path/Frameworks @loader_path/Frameworks";
				PRODUCT_BUNDLE_IDENTIFIER = CyprusCompanyy.KnowYourDoctorUITests;
				PRODUCT_NAME = "$(TARGET_NAME)";
				TEST_TARGET_NAME = KnowYourDoctor;
			};
			name = Release;
		};
/* End XCBuildConfiguration section */

/* Begin XCConfigurationList section */
		975CC3C51D9F6980009A76C4 /* Build configuration list for PBXProject "MangaK" */ = {
			isa = XCConfigurationList;
			buildConfigurations = (
				975CC3F81D9F6980009A76C4 /* Debug */,
				975CC3F91D9F6980009A76C4 /* Release */,
			);
			defaultConfigurationIsVisible = 0;
			defaultConfigurationName = Release;
		};
		975CC3FA1D9F6980009A76C4 /* Build configuration list for PBXNativeTarget "MangaK" */ = {
			isa = XCConfigurationList;
			buildConfigurations = (
				975CC3FB1D9F6980009A76C4 /* Debug */,
				975CC3FC1D9F6980009A76C4 /* Release */,
			);
			defaultConfigurationIsVisible = 0;
			defaultConfigurationName = Release;
		};
		975CC3FD1D9F6980009A76C4 /* Build configuration list for PBXNativeTarget "MangaKTests" */ = {
			isa = XCConfigurationList;
			buildConfigurations = (
				975CC3FE1D9F6980009A76C4 /* Debug */,
				975CC3FF1D9F6980009A76C4 /* Release */,
			);
			defaultConfigurationIsVisible = 0;
			defaultConfigurationName = Release;
		};
		975CC4001D9F6980009A76C4 /* Build configuration list for PBXNativeTarget "MangaKUITests" */ = {
			isa = XCConfigurationList;
			buildConfigurations = (
				975CC4011D9F6980009A76C4 /* Debug */,
				975CC4021D9F6980009A76C4 /* Release */,
			);
			defaultConfigurationIsVisible = 0;
			defaultConfigurationName = Release;
		};
/* End XCConfigurationList section */
	};
	rootObject = 975CC3C21D9F6980009A76C4 /* Project object */;
}
